
Microsoft Visual Studio Solution File, Format Version 12.00
# Visual Studio Version 16
VisualStudioVersion = 16.0.30804.86
MinimumVisualStudioVersion = 10.0.40219.1
Project("{FAE04EC0-301F-11D3-BF4B-00C04F79EFBC}") = "IConnect Training .Net Core project", "IConnect Training .Net Core project\IConnect Training .Net Core project.csproj", "{651BE6A7-4A1B-40A4-814A-8115A74EB9CC}"
EndProject
Global
	GlobalSection(SolutionConfigurationPlatforms) = preSolution
		Debug|Any CPU = Debug|Any CPU
		Release|Any CPU = Release|Any CPU
	EndGlobalSection
	GlobalSection(ProjectConfigurationPlatforms) = postSolution
		{651BE6A7-4A1B-40A4-814A-8115A74EB9CC}.Debug|Any CPU.ActiveCfg = Debug|Any CPU
		{651BE6A7-4A1B-40A4-814A-8115A74EB9CC}.Debug|Any CPU.Build.0 = Debug|Any CPU
		{651BE6A7-4A1B-40A4-814A-8115A74EB9CC}.Release|Any CPU.ActiveCfg = Release|Any CPU
		{651BE6A7-4A1B-40A4-814A-8115A74EB9CC}.Release|Any CPU.Build.0 = Release|Any CPU
	EndGlobalSection
	GlobalSection(SolutionProperties) = preSolution
		HideSolutionNode = FALSE
	EndGlobalSection
	GlobalSection(ExtensibilityGlobals) = postSolution
		SolutionGuid = {F6B52CAF-EB19-4FF9-AA6B-13BFA3783B55}
	EndGlobalSection
EndGlobal
